
Microsoft Visual Studio Solution File, Format Version 12.00
# Visual Studio 15
VisualStudioVersion = 15.0.28307.329
MinimumVisualStudioVersion = 10.0.40219.1
Project("{FAE04EC0-301F-11D3-BF4B-00C04F79EFBC}") = "Циклы. Задание 1", "Циклы. Задание 1\Циклы. Задание 1.csproj", "{1AD36A27-1358-4073-A686-BC151037C8BC}"
EndProject
Global
	GlobalSection(SolutionConfigurationPlatforms) = preSolution
		Debug|Any CPU = Debug|Any CPU
		Release|Any CPU = Release|Any CPU
	EndGlobalSection
	GlobalSection(ProjectConfigurationPlatforms) = postSolution
		{1AD36A27-1358-4073-A686-BC151037C8BC}.Debug|Any CPU.ActiveCfg = Debug|Any CPU
		{1AD36A27-1358-4073-A686-BC151037C8BC}.Debug|Any CPU.Build.0 = Debug|Any CPU
		{1AD36A27-1358-4073-A686-BC151037C8BC}.Release|Any CPU.ActiveCfg = Release|Any CPU
		{1AD36A27-1358-4073-A686-BC151037C8BC}.Release|Any CPU.Build.0 = Release|Any CPU
	EndGlobalSection
	GlobalSection(SolutionProperties) = preSolution
		HideSolutionNode = FALSE
	EndGlobalSection
	GlobalSection(ExtensibilityGlobals) = postSolution
		SolutionGuid = {A2C809AC-E50C-47CF-9B4A-503512E82289}
	EndGlobalSection
EndGlobal
